// !$*UTF8*$!
{
	archiveVersion = 1;
	classes = {
	};
	objectVersion = 56;
	objects = {

/* Begin PBXBuildFile section */
		18CA148B284ABF8C00F90372 /* AsyncAlgorithms in Frameworks */ = {isa = PBXBuildFile; productRef = 18CA148A284ABF8C00F90372 /* AsyncAlgorithms */; };
		18CA14D2284AC42C00F90372 /* ViewModel.swift in Sources */ = {isa = PBXBuildFile; fileRef = 18CA14C3284AC42C00F90372 /* ViewModel.swift */; };
		18CA14D3284AC42C00F90372 /* OverlayView.swift in Sources */ = {isa = PBXBuildFile; fileRef = 18CA14C5284AC42C00F90372 /* OverlayView.swift */; };
		18CA14D4284AC42C00F90372 /* CameraWithPosesAndOverlaysView.swift in Sources */ = {isa = PBXBuildFile; fileRef = 18CA14C6284AC42C00F90372 /* CameraWithPosesAndOverlaysView.swift */; };
		18CA14D5284AC42C00F90372 /* PosesView.swift in Sources */ = {isa = PBXBuildFile; fileRef = 18CA14C7284AC42C00F90372 /* PosesView.swift */; };
		18CA14D6284AC42C00F90372 /* CameraView.swift in Sources */ = {isa = PBXBuildFile; fileRef = 18CA14C8284AC42C00F90372 /* CameraView.swift */; };
		18CA14D7284AC42C00F90372 /* Connection.swift in Sources */ = {isa = PBXBuildFile; fileRef = 18CA14CA284AC42C00F90372 /* Connection.swift */; };
		18CA14D8284AC42C00F90372 /* Joint.swift in Sources */ = {isa = PBXBuildFile; fileRef = 18CA14CB284AC42C00F90372 /* Joint.swift */; };
		18CA14D9284AC42C00F90372 /* Pose.swift in Sources */ = {isa = PBXBuildFile; fileRef = 18CA14CC284AC42C00F90372 /* Pose.swift */; };
		18CA14DA284AC42C00F90372 /* ActionCounter.swift in Sources */ = {isa = PBXBuildFile; fileRef = 18CA14CE284AC42C00F90372 /* ActionCounter.swift */; };
		18CA14DB284AC42C00F90372 /* MyApp.swift in Sources */ = {isa = PBXBuildFile; fileRef = 18CA14D0284AC42C00F90372 /* MyApp.swift */; };
		18CA14DC284AC42C00F90372 /* ContentView.swift in Sources */ = {isa = PBXBuildFile; fileRef = 18CA14D1284AC42C00F90372 /* ContentView.swift */; };
		50053F84284ACAED00C86BF4 /* Assets.xcassets in Resources */ = {isa = PBXBuildFile; fileRef = 50053F81284ACAED00C86BF4 /* Assets.xcassets */; };
/* End PBXBuildFile section */

/* Begin PBXFileReference section */
		18CA1477284ABEC600F90372 /* CountMyActions.app */ = {isa = PBXFileReference; explicitFileType = wrapper.application; includeInIndex = 0; path = CountMyActions.app; sourceTree = BUILT_PRODUCTS_DIR; };
		18CA14C3284AC42C00F90372 /* ViewModel.swift */ = {isa = PBXFileReference; fileEncoding = 4; lastKnownFileType = sourcecode.swift; path = ViewModel.swift; sourceTree = "<group>"; };
		18CA14C5284AC42C00F90372 /* OverlayView.swift */ = {isa = PBXFileReference; fileEncoding = 4; lastKnownFileType = sourcecode.swift; path = OverlayView.swift; sourceTree = "<group>"; };
		18CA14C6284AC42C00F90372 /* CameraWithPosesAndOverlaysView.swift */ = {isa = PBXFileReference; fileEncoding = 4; lastKnownFileType = sourcecode.swift; path = CameraWithPosesAndOverlaysView.swift; sourceTree = "<group>"; };
		18CA14C7284AC42C00F90372 /* PosesView.swift */ = {isa = PBXFileReference; fileEncoding = 4; lastKnownFileType = sourcecode.swift; path = PosesView.swift; sourceTree = "<group>"; };
		18CA14C8284AC42C00F90372 /* CameraView.swift */ = {isa = PBXFileReference; fileEncoding = 4; lastKnownFileType = sourcecode.swift; path = CameraView.swift; sourceTree = "<group>"; };
		18CA14CA284AC42C00F90372 /* Connection.swift */ = {isa = PBXFileReference; fileEncoding = 4; lastKnownFileType = sourcecode.swift; path = Connection.swift; sourceTree = "<group>"; };
		18CA14CB284AC42C00F90372 /* Joint.swift */ = {isa = PBXFileReference; fileEncoding = 4; lastKnownFileType = sourcecode.swift; path = Joint.swift; sourceTree = "<group>"; };
		18CA14CC284AC42C00F90372 /* Pose.swift */ = {isa = PBXFileReference; fileEncoding = 4; lastKnownFileType = sourcecode.swift; path = Pose.swift; sourceTree = "<group>"; };
		18CA14CE284AC42C00F90372 /* ActionCounter.swift */ = {isa = PBXFileReference; fileEncoding = 4; lastKnownFileType = sourcecode.swift; path = ActionCounter.swift; sourceTree = "<group>"; };
		18CA14D0284AC42C00F90372 /* MyApp.swift */ = {isa = PBXFileReference; fileEncoding = 4; lastKnownFileType = sourcecode.swift; path = MyApp.swift; sourceTree = "<group>"; };
		18CA14D1284AC42C00F90372 /* ContentView.swift */ = {isa = PBXFileReference; fileEncoding = 4; lastKnownFileType = sourcecode.swift; path = ContentView.swift; sourceTree = "<group>"; };
		50053F80284ACAED00C86BF4 /* Info.plist */ = {isa = PBXFileReference; fileEncoding = 4; lastKnownFileType = text.plist.xml; path = Info.plist; sourceTree = "<group>"; };
		50053F81284ACAED00C86BF4 /* Assets.xcassets */ = {isa = PBXFileReference; lastKnownFileType = folder.assetcatalog; path = Assets.xcassets; sourceTree = "<group>"; };
		50053F82284ACAED00C86BF4 /* CountMyActions.entitlements */ = {isa = PBXFileReference; fileEncoding = 4; lastKnownFileType = text.plist.entitlements; path = CountMyActions.entitlements; sourceTree = "<group>"; };
		5269731033A41881895B5A41 /* README.md */ = {isa = PBXFileReference; lastKnownFileType = net.daringfireball.markdown; path = README.md; sourceTree = "<group>"; };
		A6748516A40E187B4F8ACFA3 /* SampleCode.xcconfig */ = {isa = PBXFileReference; lastKnownFileType = text.xcconfig; name = SampleCode.xcconfig; path = Configuration/SampleCode.xcconfig; sourceTree = "<group>"; };
		F11ED84932036610B96BC234 /* LICENSE.txt */ = {isa = PBXFileReference; includeInIndex = 1; lastKnownFileType = text; path = LICENSE.txt; sourceTree = "<group>"; };
/* End PBXFileReference section */

/* Begin PBXFrameworksBuildPhase section */
		18CA1474284ABEC600F90372 /* Frameworks */ = {
			isa = PBXFrameworksBuildPhase;
			buildActionMask = 2147483647;
			files = (
				18CA148B284ABF8C00F90372 /* AsyncAlgorithms in Frameworks */,
			);
			runOnlyForDeploymentPostprocessing = 0;
		};
/* End PBXFrameworksBuildPhase section */

/* Begin PBXGroup section */
		18CA146E284ABEC600F90372 = {
			isa = PBXGroup;
			children = (
				5269731033A41881895B5A41 /* README.md */,
				18CA1479284ABEC600F90372 /* CountMyActions */,
				18CA1478284ABEC600F90372 /* Products */,
				6F1A40C356DDD7B853F4B7B0 /* Configuration */,
				8FCAE36708347D80E3093CD0 /* LICENSE */,
			);
			sourceTree = "<group>";
		};
		18CA1478284ABEC600F90372 /* Products */ = {
			isa = PBXGroup;
			children = (
				18CA1477284ABEC600F90372 /* CountMyActions.app */,
			);
			name = Products;
			sourceTree = "<group>";
		};
		18CA1479284ABEC600F90372 /* CountMyActions */ = {
			isa = PBXGroup;
			children = (
				18CA14CF284AC42C00F90372 /* App */,
				18CA14CD284AC42C00F90372 /* CountingPipeline */,
				18CA14C9284AC42C00F90372 /* DrawPose */,
				18CA14C2284AC42C00F90372 /* Model */,
				18CA14C4284AC42C00F90372 /* Views */,
			);
			path = CountMyActions;
			sourceTree = "<group>";
		};
		18CA14C2284AC42C00F90372 /* Model */ = {
			isa = PBXGroup;
			children = (
				18CA14C3284AC42C00F90372 /* ViewModel.swift */,
			);
			path = Model;
			sourceTree = "<group>";
		};
		18CA14C4284AC42C00F90372 /* Views */ = {
			isa = PBXGroup;
			children = (
				18CA14C5284AC42C00F90372 /* OverlayView.swift */,
				18CA14C6284AC42C00F90372 /* CameraWithPosesAndOverlaysView.swift */,
				18CA14C7284AC42C00F90372 /* PosesView.swift */,
				18CA14C8284AC42C00F90372 /* CameraView.swift */,
			);
			path = Views;
			sourceTree = "<group>";
		};
		18CA14C9284AC42C00F90372 /* DrawPose */ = {
			isa = PBXGroup;
			children = (
				18CA14CA284AC42C00F90372 /* Connection.swift */,
				18CA14CB284AC42C00F90372 /* Joint.swift */,
				18CA14CC284AC42C00F90372 /* Pose.swift */,
			);
			path = DrawPose;
			sourceTree = "<group>";
		};
		18CA14CD284AC42C00F90372 /* CountingPipeline */ = {
			isa = PBXGroup;
			children = (
				18CA14CE284AC42C00F90372 /* ActionCounter.swift */,
			);
			path = CountingPipeline;
			sourceTree = "<group>";
		};
		18CA14CF284AC42C00F90372 /* App */ = {
			isa = PBXGroup;
			children = (
				50053F81284ACAED00C86BF4 /* Assets.xcassets */,
				50053F82284ACAED00C86BF4 /* CountMyActions.entitlements */,
				50053F80284ACAED00C86BF4 /* Info.plist */,
				18CA14D0284AC42C00F90372 /* MyApp.swift */,
				18CA14D1284AC42C00F90372 /* ContentView.swift */,
			);
			path = App;
			sourceTree = "<group>";
		};
		6F1A40C356DDD7B853F4B7B0 /* Configuration */ = {
			isa = PBXGroup;
			children = (
				A6748516A40E187B4F8ACFA3 /* SampleCode.xcconfig */,
			);
			name = Configuration;
			sourceTree = "<group>";
		};
		8FCAE36708347D80E3093CD0 /* LICENSE */ = {
			isa = PBXGroup;
			children = (
				F11ED84932036610B96BC234 /* LICENSE.txt */,
			);
			path = LICENSE;
			sourceTree = "<group>";
		};
/* End PBXGroup section */

/* Begin PBXNativeTarget section */
		18CA1476284ABEC600F90372 /* CountMyActions */ = {
			isa = PBXNativeTarget;
			buildConfigurationList = 18CA1485284ABEC700F90372 /* Build configuration list for PBXNativeTarget "CountMyActions" */;
			buildPhases = (
				18CA1473284ABEC600F90372 /* Sources */,
				18CA1474284ABEC600F90372 /* Frameworks */,
				18CA1475284ABEC600F90372 /* Resources */,
			);
			buildRules = (
			);
			dependencies = (
			);
			name = CountMyActions;
			packageProductDependencies = (
				18CA148A284ABF8C00F90372 /* AsyncAlgorithms */,
			);
			productName = CountMyActions;
			productReference = 18CA1477284ABEC600F90372 /* CountMyActions.app */;
			productType = "com.apple.product-type.application";
		};
/* End PBXNativeTarget section */

/* Begin PBXProject section */
		18CA146F284ABEC600F90372 /* Project object */ = {
			isa = PBXProject;
			attributes = {
				BuildIndependentTargetsInParallel = 1;
				LastSwiftUpdateCheck = 1400;
				LastUpgradeCheck = 1400;
				ORGANIZATIONNAME = Apple;
				TargetAttributes = {
					18CA1476284ABEC600F90372 = {
						CreatedOnToolsVersion = 14.0;
					};
				};
			};
			buildConfigurationList = 18CA1472284ABEC600F90372 /* Build configuration list for PBXProject "CountMyActions" */;
			compatibilityVersion = "Xcode 14.0";
			developmentRegion = en;
			hasScannedForEncodings = 0;
			knownRegions = (
				en,
				Base,
			);
			mainGroup = 18CA146E284ABEC600F90372;
			packageReferences = (
				18CA1489284ABF8C00F90372 /* XCRemoteSwiftPackageReference "swift-async-algorithms" */,
			);
			productRefGroup = 18CA1478284ABEC600F90372 /* Products */;
			projectDirPath = "";
			projectRoot = "";
			targets = (
				18CA1476284ABEC600F90372 /* CountMyActions */,
			);
		};
/* End PBXProject section */

/* Begin PBXResourcesBuildPhase section */
		18CA1475284ABEC600F90372 /* Resources */ = {
			isa = PBXResourcesBuildPhase;
			buildActionMask = 2147483647;
			files = (
				50053F84284ACAED00C86BF4 /* Assets.xcassets in Resources */,
			);
			runOnlyForDeploymentPostprocessing = 0;
		};
/* End PBXResourcesBuildPhase section */

/* Begin PBXSourcesBuildPhase section */
		18CA1473284ABEC600F90372 /* Sources */ = {
			isa = PBXSourcesBuildPhase;
			buildActionMask = 2147483647;
			files = (
				18CA14DA284AC42C00F90372 /* ActionCounter.swift in Sources */,
				18CA14DC284AC42C00F90372 /* ContentView.swift in Sources */,
				18CA14D8284AC42C00F90372 /* Joint.swift in Sources */,
				18CA14D4284AC42C00F90372 /* CameraWithPosesAndOverlaysView.swift in Sources */,
				18CA14DB284AC42C00F90372 /* MyApp.swift in Sources */,
				18CA14D7284AC42C00F90372 /* Connection.swift in Sources */,
				18CA14D2284AC42C00F90372 /* ViewModel.swift in Sources */,
				18CA14D9284AC42C00F90372 /* Pose.swift in Sources */,
				18CA14D3284AC42C00F90372 /* OverlayView.swift in Sources */,
				18CA14D6284AC42C00F90372 /* CameraView.swift in Sources */,
				18CA14D5284AC42C00F90372 /* PosesView.swift in Sources */,
			);
			runOnlyForDeploymentPostprocessing = 0;
		};
/* End PBXSourcesBuildPhase section */

/* Begin XCBuildConfiguration section */
		18CA1483284ABEC700F90372 /* Debug */ = {
			isa = XCBuildConfiguration;
			baseConfigurationReference = A6748516A40E187B4F8ACFA3 /* SampleCode.xcconfig */;
			buildSettings = {
				ALWAYS_SEARCH_USER_PATHS = NO;
				CLANG_ANALYZER_NONNULL = YES;
				CLANG_ANALYZER_NUMBER_OBJECT_CONVERSION = YES_AGGRESSIVE;
				CLANG_CXX_LANGUAGE_STANDARD = "gnu++17";
				CLANG_ENABLE_MODULES = YES;
				CLANG_ENABLE_OBJC_ARC = YES;
				CLANG_ENABLE_OBJC_WEAK = YES;
				CLANG_WARN_BLOCK_CAPTURE_AUTORELEASING = YES;
				CLANG_WARN_BOOL_CONVERSION = YES;
				CLANG_WARN_COMMA = YES;
				CLANG_WARN_CONSTANT_CONVERSION = YES;
				CLANG_WARN_DEPRECATED_OBJC_IMPLEMENTATIONS = YES;
				CLANG_WARN_DIRECT_OBJC_ISA_USAGE = YES_ERROR;
				CLANG_WARN_DOCUMENTATION_COMMENTS = YES;
				CLANG_WARN_EMPTY_BODY = YES;
				CLANG_WARN_ENUM_CONVERSION = YES;
				CLANG_WARN_INFINITE_RECURSION = YES;
				CLANG_WARN_INT_CONVERSION = YES;
				CLANG_WARN_NON_LITERAL_NULL_CONVERSION = YES;
				CLANG_WARN_OBJC_IMPLICIT_RETAIN_SELF = YES;
				CLANG_WARN_OBJC_LITERAL_CONVERSION = YES;
				CLANG_WARN_OBJC_ROOT_CLASS = YES_ERROR;
				CLANG_WARN_QUOTED_INCLUDE_IN_FRAMEWORK_HEADER = YES;
				CLANG_WARN_RANGE_LOOP_ANALYSIS = YES;
				CLANG_WARN_STRICT_PROTOTYPES = YES;
				CLANG_WARN_SUSPICIOUS_MOVE = YES;
				CLANG_WARN_UNGUARDED_AVAILABILITY = YES_AGGRESSIVE;
				CLANG_WARN_UNREACHABLE_CODE = YES;
				CLANG_WARN__DUPLICATE_METHOD_MATCH = YES;
				COPY_PHASE_STRIP = NO;
				DEBUG_INFORMATION_FORMAT = dwarf;
				ENABLE_STRICT_OBJC_MSGSEND = YES;
				ENABLE_TESTABILITY = YES;
				GCC_C_LANGUAGE_STANDARD = gnu11;
				GCC_DYNAMIC_NO_PIC = NO;
				GCC_NO_COMMON_BLOCKS = YES;
				GCC_OPTIMIZATION_LEVEL = 0;
				GCC_PREPROCESSOR_DEFINITIONS = (
					"DEBUG=1",
					"$(inherited)",
				);
				GCC_WARN_64_TO_32_BIT_CONVERSION = YES;
				GCC_WARN_ABOUT_RETURN_TYPE = YES_ERROR;
				GCC_WARN_UNDECLARED_SELECTOR = YES;
				GCC_WARN_UNINITIALIZED_AUTOS = YES_AGGRESSIVE;
				GCC_WARN_UNUSED_FUNCTION = YES;
				GCC_WARN_UNUSED_VARIABLE = YES;
				IPHONEOS_DEPLOYMENT_TARGET = 16.0;
				MTL_ENABLE_DEBUG_INFO = INCLUDE_SOURCE;
				MTL_FAST_MATH = YES;
				ONLY_ACTIVE_ARCH = YES;
				SDKROOT = iphoneos;
				SWIFT_ACTIVE_COMPILATION_CONDITIONS = DEBUG;
				SWIFT_OPTIMIZATION_LEVEL = "-Onone";
			};
			name = Debug;
		};
		18CA1484284ABEC700F90372 /* Release */ = {
			isa = XCBuildConfiguration;
			baseConfigurationReference = A6748516A40E187B4F8ACFA3 /* SampleCode.xcconfig */;
			buildSettings = {
				ALWAYS_SEARCH_USER_PATHS = NO;
				CLANG_ANALYZER_NONNULL = YES;
				CLANG_ANALYZER_NUMBER_OBJECT_CONVERSION = YES_AGGRESSIVE;
				CLANG_CXX_LANGUAGE_STANDARD = "gnu++17";
				CLANG_ENABLE_MODULES = YES;
				CLANG_ENABLE_OBJC_ARC = YES;
				CLANG_ENABLE_OBJC_WEAK = YES;
				CLANG_WARN_BLOCK_CAPTURE_AUTORELEASING = YES;
				CLANG_WARN_BOOL_CONVERSION = YES;
				CLANG_WARN_COMMA = YES;
				CLANG_WARN_CONSTANT_CONVERSION = YES;
				CLANG_WARN_DEPRECATED_OBJC_IMPLEMENTATIONS = YES;
				CLANG_WARN_DIRECT_OBJC_ISA_USAGE = YES_ERROR;
				CLANG_WARN_DOCUMENTATION_COMMENTS = YES;
				CLANG_WARN_EMPTY_BODY = YES;
				CLANG_WARN_ENUM_CONVERSION = YES;
				CLANG_WARN_INFINITE_RECURSION = YES;
				CLANG_WARN_INT_CONVERSION = YES;
				CLANG_WARN_NON_LITERAL_NULL_CONVERSION = YES;
				CLANG_WARN_OBJC_IMPLICIT_RETAIN_SELF = YES;
				CLANG_WARN_OBJC_LITERAL_CONVERSION = YES;
				CLANG_WARN_OBJC_ROOT_CLASS = YES_ERROR;
				CLANG_WARN_QUOTED_INCLUDE_IN_FRAMEWORK_HEADER = YES;
				CLANG_WARN_RANGE_LOOP_ANALYSIS = YES;
				CLANG_WARN_STRICT_PROTOTYPES = YES;
				CLANG_WARN_SUSPICIOUS_MOVE = YES;
				CLANG_WARN_UNGUARDED_AVAILABILITY = YES_AGGRESSIVE;
				CLANG_WARN_UNREACHABLE_CODE = YES;
				CLANG_WARN__DUPLICATE_METHOD_MATCH = YES;
				COPY_PHASE_STRIP = NO;
				DEBUG_INFORMATION_FORMAT = "dwarf-with-dsym";
				ENABLE_NS_ASSERTIONS = NO;
				ENABLE_STRICT_OBJC_MSGSEND = YES;
				GCC_C_LANGUAGE_STANDARD = gnu11;
				GCC_NO_COMMON_BLOCKS = YES;
				GCC_WARN_64_TO_32_BIT_CONVERSION = YES;
				GCC_WARN_ABOUT_RETURN_TYPE = YES_ERROR;
				GCC_WARN_UNDECLARED_SELECTOR = YES;
				GCC_WARN_UNINITIALIZED_AUTOS = YES_AGGRESSIVE;
				GCC_WARN_UNUSED_FUNCTION = YES;
				GCC_WARN_UNUSED_VARIABLE = YES;
				IPHONEOS_DEPLOYMENT_TARGET = 16.0;
				MTL_ENABLE_DEBUG_INFO = NO;
				MTL_FAST_MATH = YES;
				SDKROOT = iphoneos;
				SWIFT_COMPILATION_MODE = wholemodule;
				SWIFT_OPTIMIZATION_LEVEL = "-O";
				VALIDATE_PRODUCT = YES;
			};
			name = Release;
		};
		18CA1486284ABEC700F90372 /* Debug */ = {
			isa = XCBuildConfiguration;
			baseConfigurationReference = A6748516A40E187B4F8ACFA3 /* SampleCode.xcconfig */;
			buildSettings = {
				ASSETCATALOG_COMPILER_APPICON_NAME = AppIcon;
				ASSETCATALOG_COMPILER_GLOBAL_ACCENT_COLOR_NAME = AccentColor;
				CODE_SIGN_STYLE = Automatic;
				CURRENT_PROJECT_VERSION = 1;
				DEVELOPMENT_ASSET_PATHS = "\"CountMyActions/App\"";
				DEVELOPMENT_TEAM = YQYP6368ZV;
				ENABLE_PREVIEWS = YES;
				GENERATE_INFOPLIST_FILE = YES;
				INFOPLIST_FILE = CountMyActions/App/Info.plist;
				INFOPLIST_KEY_NSCameraUsageDescription = "This app uses the camera to capture input for an Action Repetition Counting model";
				INFOPLIST_KEY_UIApplicationSceneManifest_Generation = YES;
				INFOPLIST_KEY_UIApplicationSupportsIndirectInputEvents = YES;
				INFOPLIST_KEY_UILaunchScreen_Generation = YES;
				INFOPLIST_KEY_UIRequiresFullScreen = YES;
				INFOPLIST_KEY_UISupportedInterfaceOrientations = UIInterfaceOrientationPortrait;
				LD_RUNPATH_SEARCH_PATHS = (
					"$(inherited)",
					"@executable_path/Frameworks",
				);
				MARKETING_VERSION = 1.0;
				PRODUCT_BUNDLE_IDENTIFIER = "com.example.apple-samplecode.CountMyActions${SAMPLE_CODE_DISAMBIGUATOR}${SAMPLE_CODE_DISAMBIGUATOR}";
				PRODUCT_NAME = "$(TARGET_NAME)";
				PROVISIONING_PROFILE_SPECIFIER = "";
				SWIFT_EMIT_LOC_STRINGS = YES;
				SWIFT_VERSION = 5.0;
				TARGETED_DEVICE_FAMILY = "1,2";
			};
			name = Debug;
		};
		18CA1487284ABEC700F90372 /* Release */ = {
			isa = XCBuildConfiguration;
			baseConfigurationReference = A6748516A40E187B4F8ACFA3 /* SampleCode.xcconfig */;
			buildSettings = {
				ASSETCATALOG_COMPILER_APPICON_NAME = AppIcon;
				ASSETCATALOG_COMPILER_GLOBAL_ACCENT_COLOR_NAME = AccentColor;
				CODE_SIGN_STYLE = Automatic;
				CURRENT_PROJECT_VERSION = 1;
				DEVELOPMENT_ASSET_PATHS = "\"CountMyActions/App\"";
				DEVELOPMENT_TEAM = YQYP6368ZV;
				ENABLE_PREVIEWS = YES;
				GENERATE_INFOPLIST_FILE = YES;
				INFOPLIST_FILE = CountMyActions/App/Info.plist;
				INFOPLIST_KEY_NSCameraUsageDescription = "This app uses the camera to capture input for an Action Repetition Counting model";
				INFOPLIST_KEY_UIApplicationSceneManifest_Generation = YES;
				INFOPLIST_KEY_UIApplicationSupportsIndirectInputEvents = YES;
				INFOPLIST_KEY_UILaunchScreen_Generation = YES;
				INFOPLIST_KEY_UIRequiresFullScreen = YES;
				INFOPLIST_KEY_UISupportedInterfaceOrientations = UIInterfaceOrientationPortrait;
				LD_RUNPATH_SEARCH_PATHS = (
					"$(inherited)",
					"@executable_path/Frameworks",
				);
				MARKETING_VERSION = 1.0;
				PRODUCT_BUNDLE_IDENTIFIER = "com.example.apple-samplecode.CountMyActions${SAMPLE_CODE_DISAMBIGUATOR}${SAMPLE_CODE_DISAMBIGUATOR}";
				PRODUCT_NAME = "$(TARGET_NAME)";
				PROVISIONING_PROFILE_SPECIFIER = "";
				SWIFT_EMIT_LOC_STRINGS = YES;
				SWIFT_VERSION = 5.0;
				TARGETED_DEVICE_FAMILY = "1,2";
			};
			name = Release;
		};
/* End XCBuildConfiguration section */

/* Begin XCConfigurationList section */
		18CA1472284ABEC600F90372 /* Build configuration list for PBXProject "CountMyActions" */ = {
			isa = XCConfigurationList;
			buildConfigurations = (
				18CA1483284ABEC700F90372 /* Debug */,
				18CA1484284ABEC700F90372 /* Release */,
			);
			defaultConfigurationIsVisible = 0;
			defaultConfigurationName = Release;
		};
		18CA1485284ABEC700F90372 /* Build configuration list for PBXNativeTarget "CountMyActions" */ = {
			isa = XCConfigurationList;
			buildConfigurations = (
				18CA1486284ABEC700F90372 /* Debug */,
				18CA1487284ABEC700F90372 /* Release */,
			);
			defaultConfigurationIsVisible = 0;
			defaultConfigurationName = Release;
		};
/* End XCConfigurationList section */

/* Begin XCRemoteSwiftPackageReference section */
		18CA1489284ABF8C00F90372 /* XCRemoteSwiftPackageReference "swift-async-algorithms" */ = {
			isa = XCRemoteSwiftPackageReference;
			repositoryURL = "https://github.com/apple/swift-async-algorithms";
			requirement = {
				kind = exactVersion;
				version = 0.0.1;
			};
		};
/* End XCRemoteSwiftPackageReference section */

/* Begin XCSwiftPackageProductDependency section */
		18CA148A284ABF8C00F90372 /* AsyncAlgorithms */ = {
			isa = XCSwiftPackageProductDependency;
			package = 18CA1489284ABF8C00F90372 /* XCRemoteSwiftPackageReference "swift-async-algorithms" */;
			productName = AsyncAlgorithms;
		};
/* End XCSwiftPackageProductDependency section */
	};
	rootObject = 18CA146F284ABEC600F90372 /* Project object */;
}
